
Microsoft Visual Studio Solution File, Format Version 12.00
# Visual Studio Version 17
VisualStudioVersion = 17.4.33213.308
MinimumVisualStudioVersion = 10.0.40219.1
Project("{FAE04EC0-301F-11D3-BF4B-00C04F79EFBC}") = "NET6", "..\NET6\NET6.csproj", "{CA05E2CA-8D74-486D-A6BB-E288974DEC8E}"
EndProject
Global
	GlobalSection(SolutionConfigurationPlatforms) = preSolution
		Debug|Any CPU = Debug|Any CPU
		Release|Any CPU = Release|Any CPU
	EndGlobalSection
	GlobalSection(ProjectConfigurationPlatforms) = postSolution
		{CA05E2CA-8D74-486D-A6BB-E288974DEC8E}.Debug|Any CPU.ActiveCfg = Debug|Any CPU
		{CA05E2CA-8D74-486D-A6BB-E288974DEC8E}.Debug|Any CPU.Build.0 = Debug|Any CPU
		{CA05E2CA-8D74-486D-A6BB-E288974DEC8E}.Release|Any CPU.ActiveCfg = Release|Any CPU
		{CA05E2CA-8D74-486D-A6BB-E288974DEC8E}.Release|Any CPU.Build.0 = Release|Any CPU
	EndGlobalSection
	GlobalSection(SolutionProperties) = preSolution
		HideSolutionNode = FALSE
	EndGlobalSection
	GlobalSection(ExtensibilityGlobals) = postSolution
		SolutionGuid = {F9D284B2-9251-4B87-8AF8-05A7D50A4836}
	EndGlobalSection
EndGlobal
